
Microsoft Visual Studio Solution File, Format Version 12.00
# Visual Studio 2013
VisualStudioVersion = 12.0.30324.0
MinimumVisualStudioVersion = 10.0.40219.1
Project("{FAE04EC0-301F-11D3-BF4B-00C04F79EFBC}") = "DependenciesViewer", "DependenciesViewer.csproj", "{65478854-1A4E-4A06-A43B-DEF8E4089458}"
EndProject
Project("{FAE04EC0-301F-11D3-BF4B-00C04F79EFBC}") = "DependenciesResolver", "DependenciesResolver\DependenciesResolver.csproj", "{69F3D90B-AB6B-406C-8CDE-BBA2B6841D63}"
EndProject
Project("{FAE04EC0-301F-11D3-BF4B-00C04F79EFBC}") = "DependenciesResolver.Test", "..\DependenciesResolver.Test\DependenciesResolver.Test.csproj", "{6B857F89-1C49-4279-9AE9-584A03799604}"
EndProject
Project("{FAE04EC0-301F-11D3-BF4B-00C04F79EFBC}") = "GraphViewer", "..\GraphViewer\GraphViewer.csproj", "{9E9142A0-D910-440B-A065-B2191F07B289}"
EndProject
Project("{FAE04EC0-301F-11D3-BF4B-00C04F79EFBC}") = "Entities", "..\Entities\Entities.csproj", "{1050920B-5799-4326-AFBC-6866BFA238A0}"
EndProject
Global
	GlobalSection(SolutionConfigurationPlatforms) = preSolution
		Debug|Any CPU = Debug|Any CPU
		Release|Any CPU = Release|Any CPU
	EndGlobalSection
	GlobalSection(ProjectConfigurationPlatforms) = postSolution
		{65478854-1A4E-4A06-A43B-DEF8E4089458}.Debug|Any CPU.ActiveCfg = Debug|Any CPU
		{65478854-1A4E-4A06-A43B-DEF8E4089458}.Debug|Any CPU.Build.0 = Debug|Any CPU
		{65478854-1A4E-4A06-A43B-DEF8E4089458}.Release|Any CPU.ActiveCfg = Release|Any CPU
		{65478854-1A4E-4A06-A43B-DEF8E4089458}.Release|Any CPU.Build.0 = Release|Any CPU
		{69F3D90B-AB6B-406C-8CDE-BBA2B6841D63}.Debug|Any CPU.ActiveCfg = Debug|Any CPU
		{69F3D90B-AB6B-406C-8CDE-BBA2B6841D63}.Debug|Any CPU.Build.0 = Debug|Any CPU
		{69F3D90B-AB6B-406C-8CDE-BBA2B6841D63}.Release|Any CPU.ActiveCfg = Release|Any CPU
		{69F3D90B-AB6B-406C-8CDE-BBA2B6841D63}.Release|Any CPU.Build.0 = Release|Any CPU
		{6B857F89-1C49-4279-9AE9-584A03799604}.Debug|Any CPU.ActiveCfg = Debug|Any CPU
		{6B857F89-1C49-4279-9AE9-584A03799604}.Debug|Any CPU.Build.0 = Debug|Any CPU
		{6B857F89-1C49-4279-9AE9-584A03799604}.Release|Any CPU.ActiveCfg = Release|Any CPU
		{6B857F89-1C49-4279-9AE9-584A03799604}.Release|Any CPU.Build.0 = Release|Any CPU
		{9E9142A0-D910-440B-A065-B2191F07B289}.Debug|Any CPU.ActiveCfg = Debug|Any CPU
		{9E9142A0-D910-440B-A065-B2191F07B289}.Debug|Any CPU.Build.0 = Debug|Any CPU
		{9E9142A0-D910-440B-A065-B2191F07B289}.Release|Any CPU.ActiveCfg = Release|Any CPU
		{9E9142A0-D910-440B-A065-B2191F07B289}.Release|Any CPU.Build.0 = Release|Any CPU
		{1050920B-5799-4326-AFBC-6866BFA238A0}.Debug|Any CPU.ActiveCfg = Debug|Any CPU
		{1050920B-5799-4326-AFBC-6866BFA238A0}.Debug|Any CPU.Build.0 = Debug|Any CPU
		{1050920B-5799-4326-AFBC-6866BFA238A0}.Release|Any CPU.ActiveCfg = Release|Any CPU
		{1050920B-5799-4326-AFBC-6866BFA238A0}.Release|Any CPU.Build.0 = Release|Any CPU
	EndGlobalSection
	GlobalSection(SolutionProperties) = preSolution
		HideSolutionNode = FALSE
	EndGlobalSection
EndGlobal
